
Microsoft Visual Studio Solution File, Format Version 12.00
# Visual Studio Version 17
VisualStudioVersion = 17.14.36109.1
MinimumVisualStudioVersion = 10.0.40219.1
Project("{FAE04EC0-301F-11D3-BF4B-00C04F79EFBC}") = "_0522", "_0522\_0522.csproj", "{B335BE0D-5C9B-489D-A348-BDAB86008FCE}"
EndProject
Project("{FAE04EC0-301F-11D3-BF4B-00C04F79EFBC}") = "_0522_2", "_0522_2\_0522_2.csproj", "{B6ED26CC-0492-4819-B1F0-DAA81AEEDADD}"
EndProject
Project("{FAE04EC0-301F-11D3-BF4B-00C04F79EFBC}") = "_0522_3", "_0522_3\_0522_3.csproj", "{F71FD28C-2B17-4DB2-9314-2A7714D76667}"
EndProject
Project("{FAE04EC0-301F-11D3-BF4B-00C04F79EFBC}") = "_0522_1_answer", "_0522_1_answer\_0522_1_answer.csproj", "{A440E8AD-948B-4599-9B6D-221502E4E984}"
EndProject
Project("{FAE04EC0-301F-11D3-BF4B-00C04F79EFBC}") = "_0522_03_answer", "_0522_03_answer\_0522_03_answer.csproj", "{C99A546E-01BA-4176-9B59-BBF4AC61C878}"
EndProject
Project("{FAE04EC0-301F-11D3-BF4B-00C04F79EFBC}") = "_0523_1", "_0523_1\_0523_1.csproj", "{48261876-20CF-4946-85F9-A64EFF42B4EE}"
EndProject
Project("{FAE04EC0-301F-11D3-BF4B-00C04F79EFBC}") = "_0523_2", "_0523_2\_0523_2.csproj", "{C35C3FC9-9E7B-4A18-A58B-48F428D44A55}"
EndProject
Project("{FAE04EC0-301F-11D3-BF4B-00C04F79EFBC}") = "_0523_3", "_0523_3\_0523_3.csproj", "{21422A8A-E143-4FC0-A661-C3EA9898EF03}"
EndProject
Project("{FAE04EC0-301F-11D3-BF4B-00C04F79EFBC}") = "_0523_4", "_0523_4\_0523_4.csproj", "{46F61908-3369-4B76-89F0-20FC0C7FAB20}"
EndProject
Project("{FAE04EC0-301F-11D3-BF4B-00C04F79EFBC}") = "_0523_1_hard", "_0522_1_hard\_0523_1_hard.csproj", "{40B00C9E-2029-4945-9526-937F3F327429}"
EndProject
Project("{FAE04EC0-301F-11D3-BF4B-00C04F79EFBC}") = "_0523_2_hard", "_0522_2_hard\_0523_2_hard.csproj", "{3B994DBE-94E0-4FAE-BF28-00898B1EE757}"
EndProject
Project("{FAE04EC0-301F-11D3-BF4B-00C04F79EFBC}") = "_0523_3_hard_1", "_0523_3_hard_1\_0523_3_hard_1.csproj", "{A12F66B8-F93F-40C8-AECA-8FF74AFD7EEC}"
EndProject
Global
	GlobalSection(SolutionConfigurationPlatforms) = preSolution
		Debug|Any CPU = Debug|Any CPU
		Release|Any CPU = Release|Any CPU
	EndGlobalSection
	GlobalSection(ProjectConfigurationPlatforms) = postSolution
		{B335BE0D-5C9B-489D-A348-BDAB86008FCE}.Debug|Any CPU.ActiveCfg = Debug|Any CPU
		{B335BE0D-5C9B-489D-A348-BDAB86008FCE}.Debug|Any CPU.Build.0 = Debug|Any CPU
		{B335BE0D-5C9B-489D-A348-BDAB86008FCE}.Release|Any CPU.ActiveCfg = Release|Any CPU
		{B335BE0D-5C9B-489D-A348-BDAB86008FCE}.Release|Any CPU.Build.0 = Release|Any CPU
		{B6ED26CC-0492-4819-B1F0-DAA81AEEDADD}.Debug|Any CPU.ActiveCfg = Debug|Any CPU
		{B6ED26CC-0492-4819-B1F0-DAA81AEEDADD}.Debug|Any CPU.Build.0 = Debug|Any CPU
		{B6ED26CC-0492-4819-B1F0-DAA81AEEDADD}.Release|Any CPU.ActiveCfg = Release|Any CPU
		{B6ED26CC-0492-4819-B1F0-DAA81AEEDADD}.Release|Any CPU.Build.0 = Release|Any CPU
		{F71FD28C-2B17-4DB2-9314-2A7714D76667}.Debug|Any CPU.ActiveCfg = Debug|Any CPU
		{F71FD28C-2B17-4DB2-9314-2A7714D76667}.Debug|Any CPU.Build.0 = Debug|Any CPU
		{F71FD28C-2B17-4DB2-9314-2A7714D76667}.Release|Any CPU.ActiveCfg = Release|Any CPU
		{F71FD28C-2B17-4DB2-9314-2A7714D76667}.Release|Any CPU.Build.0 = Release|Any CPU
		{A440E8AD-948B-4599-9B6D-221502E4E984}.Debug|Any CPU.ActiveCfg = Debug|Any CPU
		{A440E8AD-948B-4599-9B6D-221502E4E984}.Debug|Any CPU.Build.0 = Debug|Any CPU
		{A440E8AD-948B-4599-9B6D-221502E4E984}.Release|Any CPU.ActiveCfg = Release|Any CPU
		{A440E8AD-948B-4599-9B6D-221502E4E984}.Release|Any CPU.Build.0 = Release|Any CPU
		{C99A546E-01BA-4176-9B59-BBF4AC61C878}.Debug|Any CPU.ActiveCfg = Debug|Any CPU
		{C99A546E-01BA-4176-9B59-BBF4AC61C878}.Debug|Any CPU.Build.0 = Debug|Any CPU
		{C99A546E-01BA-4176-9B59-BBF4AC61C878}.Release|Any CPU.ActiveCfg = Release|Any CPU
		{C99A546E-01BA-4176-9B59-BBF4AC61C878}.Release|Any CPU.Build.0 = Release|Any CPU
		{48261876-20CF-4946-85F9-A64EFF42B4EE}.Debug|Any CPU.ActiveCfg = Debug|Any CPU
		{48261876-20CF-4946-85F9-A64EFF42B4EE}.Debug|Any CPU.Build.0 = Debug|Any CPU
		{48261876-20CF-4946-85F9-A64EFF42B4EE}.Release|Any CPU.ActiveCfg = Release|Any CPU
		{48261876-20CF-4946-85F9-A64EFF42B4EE}.Release|Any CPU.Build.0 = Release|Any CPU
		{C35C3FC9-9E7B-4A18-A58B-48F428D44A55}.Debug|Any CPU.ActiveCfg = Debug|Any CPU
		{C35C3FC9-9E7B-4A18-A58B-48F428D44A55}.Debug|Any CPU.Build.0 = Debug|Any CPU
		{C35C3FC9-9E7B-4A18-A58B-48F428D44A55}.Release|Any CPU.ActiveCfg = Release|Any CPU
		{C35C3FC9-9E7B-4A18-A58B-48F428D44A55}.Release|Any CPU.Build.0 = Release|Any CPU
		{21422A8A-E143-4FC0-A661-C3EA9898EF03}.Debug|Any CPU.ActiveCfg = Debug|Any CPU
		{21422A8A-E143-4FC0-A661-C3EA9898EF03}.Debug|Any CPU.Build.0 = Debug|Any CPU
		{21422A8A-E143-4FC0-A661-C3EA9898EF03}.Release|Any CPU.ActiveCfg = Release|Any CPU
		{21422A8A-E143-4FC0-A661-C3EA9898EF03}.Release|Any CPU.Build.0 = Release|Any CPU
		{46F61908-3369-4B76-89F0-20FC0C7FAB20}.Debug|Any CPU.ActiveCfg = Debug|Any CPU
		{46F61908-3369-4B76-89F0-20FC0C7FAB20}.Debug|Any CPU.Build.0 = Debug|Any CPU
		{46F61908-3369-4B76-89F0-20FC0C7FAB20}.Release|Any CPU.ActiveCfg = Release|Any CPU
		{46F61908-3369-4B76-89F0-20FC0C7FAB20}.Release|Any CPU.Build.0 = Release|Any CPU
		{40B00C9E-2029-4945-9526-937F3F327429}.Debug|Any CPU.ActiveCfg = Debug|Any CPU
		{40B00C9E-2029-4945-9526-937F3F327429}.Debug|Any CPU.Build.0 = Debug|Any CPU
		{40B00C9E-2029-4945-9526-937F3F327429}.Release|Any CPU.ActiveCfg = Release|Any CPU
		{40B00C9E-2029-4945-9526-937F3F327429}.Release|Any CPU.Build.0 = Release|Any CPU
		{3B994DBE-94E0-4FAE-BF28-00898B1EE757}.Debug|Any CPU.ActiveCfg = Debug|Any CPU
		{3B994DBE-94E0-4FAE-BF28-00898B1EE757}.Debug|Any CPU.Build.0 = Debug|Any CPU
		{3B994DBE-94E0-4FAE-BF28-00898B1EE757}.Release|Any CPU.ActiveCfg = Release|Any CPU
		{3B994DBE-94E0-4FAE-BF28-00898B1EE757}.Release|Any CPU.Build.0 = Release|Any CPU
		{A12F66B8-F93F-40C8-AECA-8FF74AFD7EEC}.Debug|Any CPU.ActiveCfg = Debug|Any CPU
		{A12F66B8-F93F-40C8-AECA-8FF74AFD7EEC}.Debug|Any CPU.Build.0 = Debug|Any CPU
		{A12F66B8-F93F-40C8-AECA-8FF74AFD7EEC}.Release|Any CPU.ActiveCfg = Release|Any CPU
		{A12F66B8-F93F-40C8-AECA-8FF74AFD7EEC}.Release|Any CPU.Build.0 = Release|Any CPU
	EndGlobalSection
	GlobalSection(SolutionProperties) = preSolution
		HideSolutionNode = FALSE
	EndGlobalSection
	GlobalSection(ExtensibilityGlobals) = postSolution
		SolutionGuid = {F77698C7-A6C6-4761-9CAD-6FD0FABEA93A}
	EndGlobalSection
EndGlobal
