
Microsoft Visual Studio Solution File, Format Version 12.00
# Visual Studio Version 17
VisualStudioVersion = 17.14.36109.1
MinimumVisualStudioVersion = 10.0.40219.1
Project("{FAE04EC0-301F-11D3-BF4B-00C04F79EFBC}") = "_0522", "_0522\_0522.csproj", "{B335BE0D-5C9B-489D-A348-BDAB86008FCE}"
EndProject
Project("{FAE04EC0-301F-11D3-BF4B-00C04F79EFBC}") = "_0522_2", "_0522_2\_0522_2.csproj", "{B6ED26CC-0492-4819-B1F0-DAA81AEEDADD}"
EndProject
Project("{FAE04EC0-301F-11D3-BF4B-00C04F79EFBC}") = "_0522_3", "_0522_3\_0522_3.csproj", "{F71FD28C-2B17-4DB2-9314-2A7714D76667}"
EndProject
Project("{FAE04EC0-301F-11D3-BF4B-00C04F79EFBC}") = "_0522_1_answer", "_0522_1_answer\_0522_1_answer.csproj", "{A440E8AD-948B-4599-9B6D-221502E4E984}"
EndProject
Project("{FAE04EC0-301F-11D3-BF4B-00C04F79EFBC}") = "_0522_03_answer", "_0522_03_answer\_0522_03_answer.csproj", "{C99A546E-01BA-4176-9B59-BBF4AC61C878}"
EndProject
Project("{FAE04EC0-301F-11D3-BF4B-00C04F79EFBC}") = "_0523_1", "_0523_1\_0523_1.csproj", "{48261876-20CF-4946-85F9-A64EFF42B4EE}"
EndProject
Project("{FAE04EC0-301F-11D3-BF4B-00C04F79EFBC}") = "_0523_2", "_0523_2\_0523_2.csproj", "{C35C3FC9-9E7B-4A18-A58B-48F428D44A55}"
EndProject
Project("{FAE04EC0-301F-11D3-BF4B-00C04F79EFBC}") = "_0523_3", "_0523_3\_0523_3.csproj", "{21422A8A-E143-4FC0-A661-C3EA9898EF03}"
EndProject
Project("{FAE04EC0-301F-11D3-BF4B-00C04F79EFBC}") = "_0523_4", "_0523_4\_0523_4.csproj", "{46F61908-3369-4B76-89F0-20FC0C7FAB20}"
EndProject
Project("{FAE04EC0-301F-11D3-BF4B-00C04F79EFBC}") = "_0523_1_hard", "_0522_1_hard\_0523_1_hard.csproj", "{40B00C9E-2029-4945-9526-937F3F327429}"
EndProject
Project("{FAE04EC0-301F-11D3-BF4B-00C04F79EFBC}") = "_0523_2_hard", "_0522_2_hard\_0523_2_hard.csproj", "{3B994DBE-94E0-4FAE-BF28-00898B1EE757}"
EndProject
Project("{FAE04EC0-301F-11D3-BF4B-00C04F79EFBC}") = "_0523_3_hard_1", "_0523_3_hard_1\_0523_3_hard_1.csproj", "{A12F66B8-F93F-40C8-AECA-8FF74AFD7EEC}"
EndProject
Project("{FAE04EC0-301F-11D3-BF4B-00C04F79EFBC}") = "_0523_4_hard", "_0523_4_hard\_0523_4_hard.csproj", "{83DFD8A8-D0FB-49CD-9A93-ACEAEFDEC662}"
EndProject
Project("{FAE04EC0-301F-11D3-BF4B-00C04F79EFBC}") = "_0523_review", "_0523_1_answer\_0523_review.csproj", "{915ADE1C-C8DC-4183-B8CD-B0A197059641}"
EndProject
Project("{FAE04EC0-301F-11D3-BF4B-00C04F79EFBC}") = "_0523_1_answer__", "_0523_1_answer__\_0523_1_answer__.csproj", "{1AC354A3-4E10-4EED-9AAB-A29545174ECC}"
EndProject
Project("{FAE04EC0-301F-11D3-BF4B-00C04F79EFBC}") = "_0523_2_answer", "_0523_2_answer\_0523_2_answer.csproj", "{00B990EA-EFFE-468F-813D-45958C0899BE}"
EndProject
Project("{FAE04EC0-301F-11D3-BF4B-00C04F79EFBC}") = "_0526_1", "_0524_practice\_0526_1.csproj", "{7E46A5E9-5C65-47A8-9C5B-1293F2319519}"
EndProject
Project("{FAE04EC0-301F-11D3-BF4B-00C04F79EFBC}") = "_0526_2", "_0524_2\_0526_2.csproj", "{64CF2A3D-CEF0-4079-82FB-BCD407CB5503}"
EndProject
Project("{FAE04EC0-301F-11D3-BF4B-00C04F79EFBC}") = "_0526_3", "_0526_3\_0526_3.csproj", "{2C1B4698-37BA-417E-854C-BBCA7FD02A98}"
EndProject
Project("{FAE04EC0-301F-11D3-BF4B-00C04F79EFBC}") = "_0526_4", "_0526_4\_0526_4.csproj", "{658627BD-23DF-4374-BF43-461FA5E786BA}"
EndProject
Project("{FAE04EC0-301F-11D3-BF4B-00C04F79EFBC}") = "_0526_exception_2", "_0526_exception_2\_0526_exception_2.csproj", "{98E3BE9C-FE74-4F3C-8C99-2F0E4A7E0719}"
EndProject
Project("{FAE04EC0-301F-11D3-BF4B-00C04F79EFBC}") = "_0526_1_2", "_0526_1_2\_0526_1_2.csproj", "{AFA2F662-796F-40AD-AA72-83D20AD6A7AB}"
EndProject
Project("{FAE04EC0-301F-11D3-BF4B-00C04F79EFBC}") = "_0527_1", "_0527_1\_0527_1.csproj", "{413D08F8-5278-49B6-B319-F5C019E8A7B7}"
EndProject
Project("{FAE04EC0-301F-11D3-BF4B-00C04F79EFBC}") = "_0527_2", "_0527_2\_0527_2.csproj", "{CD9F4241-AF37-4956-A956-8B571645443C}"
EndProject
Project("{FAE04EC0-301F-11D3-BF4B-00C04F79EFBC}") = "_0527_4", "_0527_4\_0527_4.csproj", "{01332924-101D-4CA2-A8A7-4DD3273E3F53}"
EndProject
Project("{FAE04EC0-301F-11D3-BF4B-00C04F79EFBC}") = "_0527_2_hard", "_0527_2_hard\_0527_2_hard.csproj", "{C267BBA4-75FA-447A-BAA6-8786BDE3B8F0}"
EndProject
Project("{FAE04EC0-301F-11D3-BF4B-00C04F79EFBC}") = "_0528_1", "_0528_1\_0528_1.csproj", "{E9A19561-2BDA-4ABA-90E1-FEB51871D9B4}"
EndProject
Project("{FAE04EC0-301F-11D3-BF4B-00C04F79EFBC}") = "_0528_2", "_0528_2\_0528_2.csproj", "{CC802F2A-C0DD-44CF-BC8F-91B8AB62E68D}"
EndProject
Project("{FAE04EC0-301F-11D3-BF4B-00C04F79EFBC}") = "_0528_2_answer", "_0528_2_answer\_0528_2_answer.csproj", "{1F0F270E-C217-47FB-B7B1-99BD166C14AE}"
EndProject
Project("{FAE04EC0-301F-11D3-BF4B-00C04F79EFBC}") = "_0529_1", "_0529_1\_0529_1.csproj", "{FB96074D-2857-4B8F-B87D-844E24007848}"
EndProject
Project("{FAE04EC0-301F-11D3-BF4B-00C04F79EFBC}") = "_0529_2", "_0529_2\_0529_2.csproj", "{6D8133E5-5C3C-40E1-9AE5-F082727AB8AF}"
EndProject
Project("{FAE04EC0-301F-11D3-BF4B-00C04F79EFBC}") = "_0529_3", "_0529_3\_0529_3.csproj", "{0E76163C-1248-4188-A136-1250953683DD}"
EndProject
Global
	GlobalSection(SolutionConfigurationPlatforms) = preSolution
		Debug|Any CPU = Debug|Any CPU
		Release|Any CPU = Release|Any CPU
	EndGlobalSection
	GlobalSection(ProjectConfigurationPlatforms) = postSolution
		{B335BE0D-5C9B-489D-A348-BDAB86008FCE}.Debug|Any CPU.ActiveCfg = Debug|Any CPU
		{B335BE0D-5C9B-489D-A348-BDAB86008FCE}.Debug|Any CPU.Build.0 = Debug|Any CPU
		{B335BE0D-5C9B-489D-A348-BDAB86008FCE}.Release|Any CPU.ActiveCfg = Release|Any CPU
		{B335BE0D-5C9B-489D-A348-BDAB86008FCE}.Release|Any CPU.Build.0 = Release|Any CPU
		{B6ED26CC-0492-4819-B1F0-DAA81AEEDADD}.Debug|Any CPU.ActiveCfg = Debug|Any CPU
		{B6ED26CC-0492-4819-B1F0-DAA81AEEDADD}.Debug|Any CPU.Build.0 = Debug|Any CPU
		{B6ED26CC-0492-4819-B1F0-DAA81AEEDADD}.Release|Any CPU.ActiveCfg = Release|Any CPU
		{B6ED26CC-0492-4819-B1F0-DAA81AEEDADD}.Release|Any CPU.Build.0 = Release|Any CPU
		{F71FD28C-2B17-4DB2-9314-2A7714D76667}.Debug|Any CPU.ActiveCfg = Debug|Any CPU
		{F71FD28C-2B17-4DB2-9314-2A7714D76667}.Debug|Any CPU.Build.0 = Debug|Any CPU
		{F71FD28C-2B17-4DB2-9314-2A7714D76667}.Release|Any CPU.ActiveCfg = Release|Any CPU
		{F71FD28C-2B17-4DB2-9314-2A7714D76667}.Release|Any CPU.Build.0 = Release|Any CPU
		{A440E8AD-948B-4599-9B6D-221502E4E984}.Debug|Any CPU.ActiveCfg = Debug|Any CPU
		{A440E8AD-948B-4599-9B6D-221502E4E984}.Debug|Any CPU.Build.0 = Debug|Any CPU
		{A440E8AD-948B-4599-9B6D-221502E4E984}.Release|Any CPU.ActiveCfg = Release|Any CPU
		{A440E8AD-948B-4599-9B6D-221502E4E984}.Release|Any CPU.Build.0 = Release|Any CPU
		{C99A546E-01BA-4176-9B59-BBF4AC61C878}.Debug|Any CPU.ActiveCfg = Debug|Any CPU
		{C99A546E-01BA-4176-9B59-BBF4AC61C878}.Debug|Any CPU.Build.0 = Debug|Any CPU
		{C99A546E-01BA-4176-9B59-BBF4AC61C878}.Release|Any CPU.ActiveCfg = Release|Any CPU
		{C99A546E-01BA-4176-9B59-BBF4AC61C878}.Release|Any CPU.Build.0 = Release|Any CPU
		{48261876-20CF-4946-85F9-A64EFF42B4EE}.Debug|Any CPU.ActiveCfg = Debug|Any CPU
		{48261876-20CF-4946-85F9-A64EFF42B4EE}.Debug|Any CPU.Build.0 = Debug|Any CPU
		{48261876-20CF-4946-85F9-A64EFF42B4EE}.Release|Any CPU.ActiveCfg = Release|Any CPU
		{48261876-20CF-4946-85F9-A64EFF42B4EE}.Release|Any CPU.Build.0 = Release|Any CPU
		{C35C3FC9-9E7B-4A18-A58B-48F428D44A55}.Debug|Any CPU.ActiveCfg = Debug|Any CPU
		{C35C3FC9-9E7B-4A18-A58B-48F428D44A55}.Debug|Any CPU.Build.0 = Debug|Any CPU
		{C35C3FC9-9E7B-4A18-A58B-48F428D44A55}.Release|Any CPU.ActiveCfg = Release|Any CPU
		{C35C3FC9-9E7B-4A18-A58B-48F428D44A55}.Release|Any CPU.Build.0 = Release|Any CPU
		{21422A8A-E143-4FC0-A661-C3EA9898EF03}.Debug|Any CPU.ActiveCfg = Debug|Any CPU
		{21422A8A-E143-4FC0-A661-C3EA9898EF03}.Debug|Any CPU.Build.0 = Debug|Any CPU
		{21422A8A-E143-4FC0-A661-C3EA9898EF03}.Release|Any CPU.ActiveCfg = Release|Any CPU
		{21422A8A-E143-4FC0-A661-C3EA9898EF03}.Release|Any CPU.Build.0 = Release|Any CPU
		{46F61908-3369-4B76-89F0-20FC0C7FAB20}.Debug|Any CPU.ActiveCfg = Debug|Any CPU
		{46F61908-3369-4B76-89F0-20FC0C7FAB20}.Debug|Any CPU.Build.0 = Debug|Any CPU
		{46F61908-3369-4B76-89F0-20FC0C7FAB20}.Release|Any CPU.ActiveCfg = Release|Any CPU
		{46F61908-3369-4B76-89F0-20FC0C7FAB20}.Release|Any CPU.Build.0 = Release|Any CPU
		{40B00C9E-2029-4945-9526-937F3F327429}.Debug|Any CPU.ActiveCfg = Debug|Any CPU
		{40B00C9E-2029-4945-9526-937F3F327429}.Debug|Any CPU.Build.0 = Debug|Any CPU
		{40B00C9E-2029-4945-9526-937F3F327429}.Release|Any CPU.ActiveCfg = Release|Any CPU
		{40B00C9E-2029-4945-9526-937F3F327429}.Release|Any CPU.Build.0 = Release|Any CPU
		{3B994DBE-94E0-4FAE-BF28-00898B1EE757}.Debug|Any CPU.ActiveCfg = Debug|Any CPU
		{3B994DBE-94E0-4FAE-BF28-00898B1EE757}.Debug|Any CPU.Build.0 = Debug|Any CPU
		{3B994DBE-94E0-4FAE-BF28-00898B1EE757}.Release|Any CPU.ActiveCfg = Release|Any CPU
		{3B994DBE-94E0-4FAE-BF28-00898B1EE757}.Release|Any CPU.Build.0 = Release|Any CPU
		{A12F66B8-F93F-40C8-AECA-8FF74AFD7EEC}.Debug|Any CPU.ActiveCfg = Debug|Any CPU
		{A12F66B8-F93F-40C8-AECA-8FF74AFD7EEC}.Debug|Any CPU.Build.0 = Debug|Any CPU
		{A12F66B8-F93F-40C8-AECA-8FF74AFD7EEC}.Release|Any CPU.ActiveCfg = Release|Any CPU
		{A12F66B8-F93F-40C8-AECA-8FF74AFD7EEC}.Release|Any CPU.Build.0 = Release|Any CPU
		{83DFD8A8-D0FB-49CD-9A93-ACEAEFDEC662}.Debug|Any CPU.ActiveCfg = Debug|Any CPU
		{83DFD8A8-D0FB-49CD-9A93-ACEAEFDEC662}.Debug|Any CPU.Build.0 = Debug|Any CPU
		{83DFD8A8-D0FB-49CD-9A93-ACEAEFDEC662}.Release|Any CPU.ActiveCfg = Release|Any CPU
		{83DFD8A8-D0FB-49CD-9A93-ACEAEFDEC662}.Release|Any CPU.Build.0 = Release|Any CPU
		{915ADE1C-C8DC-4183-B8CD-B0A197059641}.Debug|Any CPU.ActiveCfg = Debug|Any CPU
		{915ADE1C-C8DC-4183-B8CD-B0A197059641}.Debug|Any CPU.Build.0 = Debug|Any CPU
		{915ADE1C-C8DC-4183-B8CD-B0A197059641}.Release|Any CPU.ActiveCfg = Release|Any CPU
		{915ADE1C-C8DC-4183-B8CD-B0A197059641}.Release|Any CPU.Build.0 = Release|Any CPU
		{1AC354A3-4E10-4EED-9AAB-A29545174ECC}.Debug|Any CPU.ActiveCfg = Debug|Any CPU
		{1AC354A3-4E10-4EED-9AAB-A29545174ECC}.Debug|Any CPU.Build.0 = Debug|Any CPU
		{1AC354A3-4E10-4EED-9AAB-A29545174ECC}.Release|Any CPU.ActiveCfg = Release|Any CPU
		{1AC354A3-4E10-4EED-9AAB-A29545174ECC}.Release|Any CPU.Build.0 = Release|Any CPU
		{00B990EA-EFFE-468F-813D-45958C0899BE}.Debug|Any CPU.ActiveCfg = Debug|Any CPU
		{00B990EA-EFFE-468F-813D-45958C0899BE}.Debug|Any CPU.Build.0 = Debug|Any CPU
		{00B990EA-EFFE-468F-813D-45958C0899BE}.Release|Any CPU.ActiveCfg = Release|Any CPU
		{00B990EA-EFFE-468F-813D-45958C0899BE}.Release|Any CPU.Build.0 = Release|Any CPU
		{7E46A5E9-5C65-47A8-9C5B-1293F2319519}.Debug|Any CPU.ActiveCfg = Debug|Any CPU
		{7E46A5E9-5C65-47A8-9C5B-1293F2319519}.Debug|Any CPU.Build.0 = Debug|Any CPU
		{7E46A5E9-5C65-47A8-9C5B-1293F2319519}.Release|Any CPU.ActiveCfg = Release|Any CPU
		{7E46A5E9-5C65-47A8-9C5B-1293F2319519}.Release|Any CPU.Build.0 = Release|Any CPU
		{64CF2A3D-CEF0-4079-82FB-BCD407CB5503}.Debug|Any CPU.ActiveCfg = Debug|Any CPU
		{64CF2A3D-CEF0-4079-82FB-BCD407CB5503}.Debug|Any CPU.Build.0 = Debug|Any CPU
		{64CF2A3D-CEF0-4079-82FB-BCD407CB5503}.Release|Any CPU.ActiveCfg = Release|Any CPU
		{64CF2A3D-CEF0-4079-82FB-BCD407CB5503}.Release|Any CPU.Build.0 = Release|Any CPU
		{2C1B4698-37BA-417E-854C-BBCA7FD02A98}.Debug|Any CPU.ActiveCfg = Debug|Any CPU
		{2C1B4698-37BA-417E-854C-BBCA7FD02A98}.Debug|Any CPU.Build.0 = Debug|Any CPU
		{2C1B4698-37BA-417E-854C-BBCA7FD02A98}.Release|Any CPU.ActiveCfg = Release|Any CPU
		{2C1B4698-37BA-417E-854C-BBCA7FD02A98}.Release|Any CPU.Build.0 = Release|Any CPU
		{658627BD-23DF-4374-BF43-461FA5E786BA}.Debug|Any CPU.ActiveCfg = Debug|Any CPU
		{658627BD-23DF-4374-BF43-461FA5E786BA}.Debug|Any CPU.Build.0 = Debug|Any CPU
		{658627BD-23DF-4374-BF43-461FA5E786BA}.Release|Any CPU.ActiveCfg = Release|Any CPU
		{658627BD-23DF-4374-BF43-461FA5E786BA}.Release|Any CPU.Build.0 = Release|Any CPU
		{98E3BE9C-FE74-4F3C-8C99-2F0E4A7E0719}.Debug|Any CPU.ActiveCfg = Debug|Any CPU
		{98E3BE9C-FE74-4F3C-8C99-2F0E4A7E0719}.Debug|Any CPU.Build.0 = Debug|Any CPU
		{98E3BE9C-FE74-4F3C-8C99-2F0E4A7E0719}.Release|Any CPU.ActiveCfg = Release|Any CPU
		{98E3BE9C-FE74-4F3C-8C99-2F0E4A7E0719}.Release|Any CPU.Build.0 = Release|Any CPU
		{AFA2F662-796F-40AD-AA72-83D20AD6A7AB}.Debug|Any CPU.ActiveCfg = Debug|Any CPU
		{AFA2F662-796F-40AD-AA72-83D20AD6A7AB}.Debug|Any CPU.Build.0 = Debug|Any CPU
		{AFA2F662-796F-40AD-AA72-83D20AD6A7AB}.Release|Any CPU.ActiveCfg = Release|Any CPU
		{AFA2F662-796F-40AD-AA72-83D20AD6A7AB}.Release|Any CPU.Build.0 = Release|Any CPU
		{413D08F8-5278-49B6-B319-F5C019E8A7B7}.Debug|Any CPU.ActiveCfg = Debug|Any CPU
		{413D08F8-5278-49B6-B319-F5C019E8A7B7}.Debug|Any CPU.Build.0 = Debug|Any CPU
		{413D08F8-5278-49B6-B319-F5C019E8A7B7}.Release|Any CPU.ActiveCfg = Release|Any CPU
		{413D08F8-5278-49B6-B319-F5C019E8A7B7}.Release|Any CPU.Build.0 = Release|Any CPU
		{CD9F4241-AF37-4956-A956-8B571645443C}.Debug|Any CPU.ActiveCfg = Debug|Any CPU
		{CD9F4241-AF37-4956-A956-8B571645443C}.Debug|Any CPU.Build.0 = Debug|Any CPU
		{CD9F4241-AF37-4956-A956-8B571645443C}.Release|Any CPU.ActiveCfg = Release|Any CPU
		{CD9F4241-AF37-4956-A956-8B571645443C}.Release|Any CPU.Build.0 = Release|Any CPU
		{01332924-101D-4CA2-A8A7-4DD3273E3F53}.Debug|Any CPU.ActiveCfg = Debug|Any CPU
		{01332924-101D-4CA2-A8A7-4DD3273E3F53}.Debug|Any CPU.Build.0 = Debug|Any CPU
		{01332924-101D-4CA2-A8A7-4DD3273E3F53}.Release|Any CPU.ActiveCfg = Release|Any CPU
		{01332924-101D-4CA2-A8A7-4DD3273E3F53}.Release|Any CPU.Build.0 = Release|Any CPU
		{C267BBA4-75FA-447A-BAA6-8786BDE3B8F0}.Debug|Any CPU.ActiveCfg = Debug|Any CPU
		{C267BBA4-75FA-447A-BAA6-8786BDE3B8F0}.Debug|Any CPU.Build.0 = Debug|Any CPU
		{C267BBA4-75FA-447A-BAA6-8786BDE3B8F0}.Release|Any CPU.ActiveCfg = Release|Any CPU
		{C267BBA4-75FA-447A-BAA6-8786BDE3B8F0}.Release|Any CPU.Build.0 = Release|Any CPU
		{E9A19561-2BDA-4ABA-90E1-FEB51871D9B4}.Debug|Any CPU.ActiveCfg = Debug|Any CPU
		{E9A19561-2BDA-4ABA-90E1-FEB51871D9B4}.Debug|Any CPU.Build.0 = Debug|Any CPU
		{E9A19561-2BDA-4ABA-90E1-FEB51871D9B4}.Release|Any CPU.ActiveCfg = Release|Any CPU
		{E9A19561-2BDA-4ABA-90E1-FEB51871D9B4}.Release|Any CPU.Build.0 = Release|Any CPU
		{CC802F2A-C0DD-44CF-BC8F-91B8AB62E68D}.Debug|Any CPU.ActiveCfg = Debug|Any CPU
		{CC802F2A-C0DD-44CF-BC8F-91B8AB62E68D}.Debug|Any CPU.Build.0 = Debug|Any CPU
		{CC802F2A-C0DD-44CF-BC8F-91B8AB62E68D}.Release|Any CPU.ActiveCfg = Release|Any CPU
		{CC802F2A-C0DD-44CF-BC8F-91B8AB62E68D}.Release|Any CPU.Build.0 = Release|Any CPU
		{1F0F270E-C217-47FB-B7B1-99BD166C14AE}.Debug|Any CPU.ActiveCfg = Debug|Any CPU
		{1F0F270E-C217-47FB-B7B1-99BD166C14AE}.Debug|Any CPU.Build.0 = Debug|Any CPU
		{1F0F270E-C217-47FB-B7B1-99BD166C14AE}.Release|Any CPU.ActiveCfg = Release|Any CPU
		{1F0F270E-C217-47FB-B7B1-99BD166C14AE}.Release|Any CPU.Build.0 = Release|Any CPU
		{FB96074D-2857-4B8F-B87D-844E24007848}.Debug|Any CPU.ActiveCfg = Debug|Any CPU
		{FB96074D-2857-4B8F-B87D-844E24007848}.Debug|Any CPU.Build.0 = Debug|Any CPU
		{FB96074D-2857-4B8F-B87D-844E24007848}.Release|Any CPU.ActiveCfg = Release|Any CPU
		{FB96074D-2857-4B8F-B87D-844E24007848}.Release|Any CPU.Build.0 = Release|Any CPU
		{6D8133E5-5C3C-40E1-9AE5-F082727AB8AF}.Debug|Any CPU.ActiveCfg = Debug|Any CPU
		{6D8133E5-5C3C-40E1-9AE5-F082727AB8AF}.Debug|Any CPU.Build.0 = Debug|Any CPU
		{6D8133E5-5C3C-40E1-9AE5-F082727AB8AF}.Release|Any CPU.ActiveCfg = Release|Any CPU
		{6D8133E5-5C3C-40E1-9AE5-F082727AB8AF}.Release|Any CPU.Build.0 = Release|Any CPU
		{0E76163C-1248-4188-A136-1250953683DD}.Debug|Any CPU.ActiveCfg = Debug|Any CPU
		{0E76163C-1248-4188-A136-1250953683DD}.Debug|Any CPU.Build.0 = Debug|Any CPU
		{0E76163C-1248-4188-A136-1250953683DD}.Release|Any CPU.ActiveCfg = Release|Any CPU
		{0E76163C-1248-4188-A136-1250953683DD}.Release|Any CPU.Build.0 = Release|Any CPU
	EndGlobalSection
	GlobalSection(SolutionProperties) = preSolution
		HideSolutionNode = FALSE
	EndGlobalSection
	GlobalSection(ExtensibilityGlobals) = postSolution
		SolutionGuid = {F77698C7-A6C6-4761-9CAD-6FD0FABEA93A}
	EndGlobalSection
EndGlobal
