
Microsoft Visual Studio Solution File, Format Version 12.00
# Visual Studio Version 17
VisualStudioVersion = 17.14.36109.1
MinimumVisualStudioVersion = 10.0.40219.1
Project("{FAE04EC0-301F-11D3-BF4B-00C04F79EFBC}") = "00.InputOutput", "00.InputOutput\00.InputOutput.csproj", "{EB3EBA9C-D4E4-4C40-9062-BF1E1B0EE122}"
EndProject
Project("{FAE04EC0-301F-11D3-BF4B-00C04F79EFBC}") = "01.DataType", "01.DataType\01.DataType.csproj", "{857D4159-904C-4CCE-B5E6-DED3F861FB6B}"
EndProject
Project("{FAE04EC0-301F-11D3-BF4B-00C04F79EFBC}") = "002.Operator", "002.Operator\002.Operator.csproj", "{8F4D9F39-C75A-46CE-A8E1-F3215EEA9A19}"
EndProject
Project("{FAE04EC0-301F-11D3-BF4B-00C04F79EFBC}") = "03.Conditional", "03.Conditional\03.Conditional.csproj", "{B4BA2BA4-BC0D-4C41-9578-4DAF90929D1E}"
EndProject
Project("{FAE04EC0-301F-11D3-BF4B-00C04F79EFBC}") = "04.Array", "04.Array\04.Array.csproj", "{134476D5-CB68-4E84-BF8E-ECB43BF45E72}"
EndProject
Project("{FAE04EC0-301F-11D3-BF4B-00C04F79EFBC}") = "05.Loop", "05.Loop\05.Loop.csproj", "{B2871AED-8B27-4C99-899A-DFAD65E41BE5}"
EndProject
Project("{FAE04EC0-301F-11D3-BF4B-00C04F79EFBC}") = "06.Method", "06.Method\06.Method.csproj", "{FD70418A-D472-46B2-BBF6-751FAE169CEB}"
EndProject
Project("{FAE04EC0-301F-11D3-BF4B-00C04F79EFBC}") = "_0524_practice", "_0524_practice\_0524_practice.csproj", "{6B295C54-D560-438E-AFED-7BFCED181CE1}"
EndProject
Project("{FAE04EC0-301F-11D3-BF4B-00C04F79EFBC}") = "07.UserDefinedTypes_Enum", "07.UserDefinedTypes_Enum\07.UserDefinedTypes_Enum.csproj", "{BBC89E9B-55BD-46A3-B090-EC423084A9DD}"
EndProject
Project("{FAE04EC0-301F-11D3-BF4B-00C04F79EFBC}") = "08.UserDefinedTypes_Struct", "08.UserDefinedTypes_Struct\08.UserDefinedTypes_Struct.csproj", "{8942820F-A207-44AF-A9A3-CFA432DBB071}"
EndProject
Project("{FAE04EC0-301F-11D3-BF4B-00C04F79EFBC}") = "09.Class", "09.Class\09.Class.csproj", "{67F59332-89E6-4784-A953-2B9281ADE309}"
EndProject
Global
	GlobalSection(SolutionConfigurationPlatforms) = preSolution
		Debug|Any CPU = Debug|Any CPU
		Release|Any CPU = Release|Any CPU
	EndGlobalSection
	GlobalSection(ProjectConfigurationPlatforms) = postSolution
		{EB3EBA9C-D4E4-4C40-9062-BF1E1B0EE122}.Debug|Any CPU.ActiveCfg = Debug|Any CPU
		{EB3EBA9C-D4E4-4C40-9062-BF1E1B0EE122}.Debug|Any CPU.Build.0 = Debug|Any CPU
		{EB3EBA9C-D4E4-4C40-9062-BF1E1B0EE122}.Release|Any CPU.ActiveCfg = Release|Any CPU
		{EB3EBA9C-D4E4-4C40-9062-BF1E1B0EE122}.Release|Any CPU.Build.0 = Release|Any CPU
		{857D4159-904C-4CCE-B5E6-DED3F861FB6B}.Debug|Any CPU.ActiveCfg = Debug|Any CPU
		{857D4159-904C-4CCE-B5E6-DED3F861FB6B}.Debug|Any CPU.Build.0 = Debug|Any CPU
		{857D4159-904C-4CCE-B5E6-DED3F861FB6B}.Release|Any CPU.ActiveCfg = Release|Any CPU
		{857D4159-904C-4CCE-B5E6-DED3F861FB6B}.Release|Any CPU.Build.0 = Release|Any CPU
		{8F4D9F39-C75A-46CE-A8E1-F3215EEA9A19}.Debug|Any CPU.ActiveCfg = Debug|Any CPU
		{8F4D9F39-C75A-46CE-A8E1-F3215EEA9A19}.Debug|Any CPU.Build.0 = Debug|Any CPU
		{8F4D9F39-C75A-46CE-A8E1-F3215EEA9A19}.Release|Any CPU.ActiveCfg = Release|Any CPU
		{8F4D9F39-C75A-46CE-A8E1-F3215EEA9A19}.Release|Any CPU.Build.0 = Release|Any CPU
		{B4BA2BA4-BC0D-4C41-9578-4DAF90929D1E}.Debug|Any CPU.ActiveCfg = Debug|Any CPU
		{B4BA2BA4-BC0D-4C41-9578-4DAF90929D1E}.Debug|Any CPU.Build.0 = Debug|Any CPU
		{B4BA2BA4-BC0D-4C41-9578-4DAF90929D1E}.Release|Any CPU.ActiveCfg = Release|Any CPU
		{B4BA2BA4-BC0D-4C41-9578-4DAF90929D1E}.Release|Any CPU.Build.0 = Release|Any CPU
		{134476D5-CB68-4E84-BF8E-ECB43BF45E72}.Debug|Any CPU.ActiveCfg = Debug|Any CPU
		{134476D5-CB68-4E84-BF8E-ECB43BF45E72}.Debug|Any CPU.Build.0 = Debug|Any CPU
		{134476D5-CB68-4E84-BF8E-ECB43BF45E72}.Release|Any CPU.ActiveCfg = Release|Any CPU
		{134476D5-CB68-4E84-BF8E-ECB43BF45E72}.Release|Any CPU.Build.0 = Release|Any CPU
		{B2871AED-8B27-4C99-899A-DFAD65E41BE5}.Debug|Any CPU.ActiveCfg = Debug|Any CPU
		{B2871AED-8B27-4C99-899A-DFAD65E41BE5}.Debug|Any CPU.Build.0 = Debug|Any CPU
		{B2871AED-8B27-4C99-899A-DFAD65E41BE5}.Release|Any CPU.ActiveCfg = Release|Any CPU
		{B2871AED-8B27-4C99-899A-DFAD65E41BE5}.Release|Any CPU.Build.0 = Release|Any CPU
		{FD70418A-D472-46B2-BBF6-751FAE169CEB}.Debug|Any CPU.ActiveCfg = Debug|Any CPU
		{FD70418A-D472-46B2-BBF6-751FAE169CEB}.Debug|Any CPU.Build.0 = Debug|Any CPU
		{FD70418A-D472-46B2-BBF6-751FAE169CEB}.Release|Any CPU.ActiveCfg = Release|Any CPU
		{FD70418A-D472-46B2-BBF6-751FAE169CEB}.Release|Any CPU.Build.0 = Release|Any CPU
		{6B295C54-D560-438E-AFED-7BFCED181CE1}.Debug|Any CPU.ActiveCfg = Debug|Any CPU
		{6B295C54-D560-438E-AFED-7BFCED181CE1}.Debug|Any CPU.Build.0 = Debug|Any CPU
		{6B295C54-D560-438E-AFED-7BFCED181CE1}.Release|Any CPU.ActiveCfg = Release|Any CPU
		{6B295C54-D560-438E-AFED-7BFCED181CE1}.Release|Any CPU.Build.0 = Release|Any CPU
		{BBC89E9B-55BD-46A3-B090-EC423084A9DD}.Debug|Any CPU.ActiveCfg = Debug|Any CPU
		{BBC89E9B-55BD-46A3-B090-EC423084A9DD}.Debug|Any CPU.Build.0 = Debug|Any CPU
		{BBC89E9B-55BD-46A3-B090-EC423084A9DD}.Release|Any CPU.ActiveCfg = Release|Any CPU
		{BBC89E9B-55BD-46A3-B090-EC423084A9DD}.Release|Any CPU.Build.0 = Release|Any CPU
		{8942820F-A207-44AF-A9A3-CFA432DBB071}.Debug|Any CPU.ActiveCfg = Debug|Any CPU
		{8942820F-A207-44AF-A9A3-CFA432DBB071}.Debug|Any CPU.Build.0 = Debug|Any CPU
		{8942820F-A207-44AF-A9A3-CFA432DBB071}.Release|Any CPU.ActiveCfg = Release|Any CPU
		{8942820F-A207-44AF-A9A3-CFA432DBB071}.Release|Any CPU.Build.0 = Release|Any CPU
		{67F59332-89E6-4784-A953-2B9281ADE309}.Debug|Any CPU.ActiveCfg = Debug|Any CPU
		{67F59332-89E6-4784-A953-2B9281ADE309}.Debug|Any CPU.Build.0 = Debug|Any CPU
		{67F59332-89E6-4784-A953-2B9281ADE309}.Release|Any CPU.ActiveCfg = Release|Any CPU
		{67F59332-89E6-4784-A953-2B9281ADE309}.Release|Any CPU.Build.0 = Release|Any CPU
	EndGlobalSection
	GlobalSection(SolutionProperties) = preSolution
		HideSolutionNode = FALSE
	EndGlobalSection
	GlobalSection(ExtensibilityGlobals) = postSolution
		SolutionGuid = {E497C6F7-7D1E-42C6-8CD3-C3F990614184}
	EndGlobalSection
EndGlobal
